
Microsoft Visual Studio Solution File, Format Version 12.00
# Visual Studio Version 16
VisualStudioVersion = 16.0.31005.135
MinimumVisualStudioVersion = 10.0.40219.1
Project("{FAE04EC0-301F-11D3-BF4B-00C04F79EFBC}") = "VideoRentalAssignmentNww", "VideoRentalAssignmentNww\VideoRentalAssignmentNww.csproj", "{08FA736A-0D91-4F9B-9B14-52C177A112EE}"
EndProject
Project("{FAE04EC0-301F-11D3-BF4B-00C04F79EFBC}") = "VideoRentalAssignmentNwwTests", "VideoRentalAssignmentNwwTests\VideoRentalAssignmentNwwTests.csproj", "{C3DB0F7E-3038-42FB-86E5-A71727F379AF}"
EndProject
Global
	GlobalSection(SolutionConfigurationPlatforms) = preSolution
		Debug|Any CPU = Debug|Any CPU
		Release|Any CPU = Release|Any CPU
	EndGlobalSection
	GlobalSection(ProjectConfigurationPlatforms) = postSolution
		{08FA736A-0D91-4F9B-9B14-52C177A112EE}.Debug|Any CPU.ActiveCfg = Debug|Any CPU
		{08FA736A-0D91-4F9B-9B14-52C177A112EE}.Debug|Any CPU.Build.0 = Debug|Any CPU
		{08FA736A-0D91-4F9B-9B14-52C177A112EE}.Release|Any CPU.ActiveCfg = Release|Any CPU
		{08FA736A-0D91-4F9B-9B14-52C177A112EE}.Release|Any CPU.Build.0 = Release|Any CPU
		{C3DB0F7E-3038-42FB-86E5-A71727F379AF}.Debug|Any CPU.ActiveCfg = Debug|Any CPU
		{C3DB0F7E-3038-42FB-86E5-A71727F379AF}.Debug|Any CPU.Build.0 = Debug|Any CPU
		{C3DB0F7E-3038-42FB-86E5-A71727F379AF}.Release|Any CPU.ActiveCfg = Release|Any CPU
		{C3DB0F7E-3038-42FB-86E5-A71727F379AF}.Release|Any CPU.Build.0 = Release|Any CPU
	EndGlobalSection
	GlobalSection(SolutionProperties) = preSolution
		HideSolutionNode = FALSE
	EndGlobalSection
	GlobalSection(ExtensibilityGlobals) = postSolution
		SolutionGuid = {B46312CC-73A7-483E-B835-6ABF0FCD6DD6}
	EndGlobalSection
EndGlobal
